Microsoft Visual Studio Solution File, Format Version 11.00
# Visual Studio 2008

Project("{887FF44F-3993-291B-A874-E8DF8005590B}") = "Simple Map Generator", "Assembly-CSharp.csproj", "{CBA1838C-97C8-8AE5-39B0-6D4166B4253A}"
EndProject
Global
	GlobalSection(SolutionConfigurationPlatforms) = preSolution
		Debug|Any CPU = Debug|Any CPU
		Release|Any CPU = Release|Any CPU
	EndGlobalSection
	GlobalSection(ProjectConfigurationPlatforms) = postSolution
		{CBA1838C-97C8-8AE5-39B0-6D4166B4253A}.Debug|Any CPU.ActiveCfg = Debug|Any CPU
		{CBA1838C-97C8-8AE5-39B0-6D4166B4253A}.Debug|Any CPU.Build.0 = Debug|Any CPU
		{CBA1838C-97C8-8AE5-39B0-6D4166B4253A}.Release|Any CPU.ActiveCfg = Release|Any CPU
		{CBA1838C-97C8-8AE5-39B0-6D4166B4253A}.Release|Any CPU.Build.0 = Release|Any CPU
	EndGlobalSection
	GlobalSection(SolutionProperties) = preSolution
		HideSolutionNode = FALSE
	EndGlobalSection
	GlobalSection(MonoDevelopProperties) = preSolution
		StartupItem = Assembly-CSharp.csproj
	EndGlobalSection
EndGlobal
